
Microsoft Visual Studio Solution File, Format Version 12.00
# Visual Studio Version 16
VisualStudioVersion = 16.0.30011.22
MinimumVisualStudioVersion = 10.0.40219.1
Project("{FAE04EC0-301F-11D3-BF4B-00C04F79EFBC}") = "BookShopManagement", "BookShopManagement\BookShopManagement.csproj", "{30F3084F-BA38-4E0F-86B0-0A1521F73FFA}"
EndProject
Global
	GlobalSection(SolutionConfigurationPlatforms) = preSolution
		Debug|Any CPU = Debug|Any CPU
		Release|Any CPU = Release|Any CPU
	EndGlobalSection
	GlobalSection(ProjectConfigurationPlatforms) = postSolution
		{30F3084F-BA38-4E0F-86B0-0A1521F73FFA}.Debug|Any CPU.ActiveCfg = Debug|Any CPU
		{30F3084F-BA38-4E0F-86B0-0A1521F73FFA}.Debug|Any CPU.Build.0 = Debug|Any CPU
		{30F3084F-BA38-4E0F-86B0-0A1521F73FFA}.Release|Any CPU.ActiveCfg = Release|Any CPU
		{30F3084F-BA38-4E0F-86B0-0A1521F73FFA}.Release|Any CPU.Build.0 = Release|Any CPU
	EndGlobalSection
	GlobalSection(SolutionProperties) = preSolution
		HideSolutionNode = FALSE
	EndGlobalSection
	GlobalSection(ExtensibilityGlobals) = postSolution
		SolutionGuid = {5F5637F7-A4F9-4CCD-BB45-F036F507F6C2}
	EndGlobalSection
EndGlobal
